
Microsoft Visual Studio Solution File, Format Version 12.00
# Visual Studio Version 17
VisualStudioVersion = 17.3.32811.315
MinimumVisualStudioVersion = 10.0.40219.1
Project("{FAE04EC0-301F-11D3-BF4B-00C04F79EFBC}") = "EstructurasDatos2023-II", "EstructurasDatos2023-II.csproj", "{48A0B195-2FB3-4313-99C0-63DAC01AECD0}"
EndProject
Global
	GlobalSection(SolutionConfigurationPlatforms) = preSolution
		Debug|Any CPU = Debug|Any CPU
		Release|Any CPU = Release|Any CPU
	EndGlobalSection
	GlobalSection(ProjectConfigurationPlatforms) = postSolution
		{48A0B195-2FB3-4313-99C0-63DAC01AECD0}.Debug|Any CPU.ActiveCfg = Debug|Any CPU
		{48A0B195-2FB3-4313-99C0-63DAC01AECD0}.Debug|Any CPU.Build.0 = Debug|Any CPU
		{48A0B195-2FB3-4313-99C0-63DAC01AECD0}.Release|Any CPU.ActiveCfg = Release|Any CPU
		{48A0B195-2FB3-4313-99C0-63DAC01AECD0}.Release|Any CPU.Build.0 = Release|Any CPU
	EndGlobalSection
	GlobalSection(SolutionProperties) = preSolution
		HideSolutionNode = FALSE
	EndGlobalSection
	GlobalSection(ExtensibilityGlobals) = postSolution
		SolutionGuid = {49C3536D-3D54-4693-A9E8-845387C530DD}
	EndGlobalSection
EndGlobal
